// !$*UTF8*$!
{
	archiveVersion = 1;
	classes = {
	};
	objectVersion = 77;
	objects = {

/* Begin PBXBuildFile section */
		D1162AD22DD3A76D005C398A /* CustomTextField.swift in Sources */ = {isa = PBXBuildFile; fileRef = D1162AD12DD3A76D005C398A /* CustomTextField.swift */; };
		D11993A12DE0C1B900544367 /* PlagiarismTextView.swift in Sources */ = {isa = PBXBuildFile; fileRef = D11993A02DE0C1B900544367 /* PlagiarismTextView.swift */; };
		D11993A32DE0C1D000544367 /* UrlListView.swift in Sources */ = {isa = PBXBuildFile; fileRef = D11993A22DE0C1D000544367 /* UrlListView.swift */; };
		D14EFD572D909CF00036782F /* Assets.xcassets in Resources */ = {isa = PBXBuildFile; fileRef = D14EFD452D909CF00036782F /* Assets.xcassets */; };
		D14EFD582D909CF00036782F /* Preview Assets.xcassets in Resources */ = {isa = PBXBuildFile; fileRef = D14EFD4A2D909CF00036782F /* Preview Assets.xcassets */; };
		D14EFD592D909CF00036782F /* Extension.swift in Sources */ = {isa = PBXBuildFile; fileRef = D14EFD462D909CF00036782F /* Extension.swift */; };
		D14EFD5A2D909CF00036782F /* SignUpView.swift in Sources */ = {isa = PBXBuildFile; fileRef = D14EFD4C2D909CF00036782F /* SignUpView.swift */; };
		D14EFD5B2D909CF00036782F /* ContentView.swift in Sources */ = {isa = PBXBuildFile; fileRef = D14EFD532D909CF00036782F /* ContentView.swift */; };
		D14EFD5D2D909CF00036782F /* UrfuCheckApp.swift in Sources */ = {isa = PBXBuildFile; fileRef = D14EFD552D909CF00036782F /* UrfuCheckApp.swift */; };
		D14EFD602D909CF80036782F /* UrfuCheckTests.swift in Sources */ = {isa = PBXBuildFile; fileRef = D14EFD5E2D909CF80036782F /* UrfuCheckTests.swift */; };
		D14EFD642D909CFB0036782F /* UrfuCheckUITests.swift in Sources */ = {isa = PBXBuildFile; fileRef = D14EFD612D909CFB0036782F /* UrfuCheckUITests.swift */; };
		D14EFD652D909CFB0036782F /* UrfuCheckUITestsLaunchTests.swift in Sources */ = {isa = PBXBuildFile; fileRef = D14EFD622D909CFB0036782F /* UrfuCheckUITestsLaunchTests.swift */; };
		D154A7AA2D91D46F0036C922 /* PrimaryButton.swift in Sources */ = {isa = PBXBuildFile; fileRef = D154A7A92D91D46F0036C922 /* PrimaryButton.swift */; };
		D18521012DFB098B00D64B2F /* HistoryView.swift in Sources */ = {isa = PBXBuildFile; fileRef = D18521002DFB098B00D64B2F /* HistoryView.swift */; };
		D18521062DFB1D1C00D64B2F /* HistoryViewModel.swift in Sources */ = {isa = PBXBuildFile; fileRef = D18521052DFB1D1C00D64B2F /* HistoryViewModel.swift */; };
		D18521082DFB273400D64B2F /* HistoryRow.swift in Sources */ = {isa = PBXBuildFile; fileRef = D18521072DFB273400D64B2F /* HistoryRow.swift */; };
		D1E0C3AF2DCE39BE00C8DF66 /* GoogleService-Info.plist in Resources */ = {isa = PBXBuildFile; fileRef = D1E0C3AE2DCE39BE00C8DF66 /* GoogleService-Info.plist */; };
		D1E0C3B22DCE3A9700C8DF66 /* FirebaseAuth in Frameworks */ = {isa = PBXBuildFile; productRef = D1E0C3B12DCE3A9700C8DF66 /* FirebaseAuth */; };
		D1E0C3B42DCE3A9700C8DF66 /* FirebaseFirestore in Frameworks */ = {isa = PBXBuildFile; productRef = D1E0C3B32DCE3A9700C8DF66 /* FirebaseFirestore */; };
		D1E0C3B62DCE3A9700C8DF66 /* FirebaseFunctions in Frameworks */ = {isa = PBXBuildFile; productRef = D1E0C3B52DCE3A9700C8DF66 /* FirebaseFunctions */; };
		D1E0C3B82DCE4BED00C8DF66 /* SignUpViewModel.swift in Sources */ = {isa = PBXBuildFile; fileRef = D1E0C3B72DCE4BED00C8DF66 /* SignUpViewModel.swift */; };
		D1E0C3BA2DCE9B3C00C8DF66 /* Backend.swift in Sources */ = {isa = PBXBuildFile; fileRef = D1E0C3B92DCE9B3C00C8DF66 /* Backend.swift */; };
		D1E0C3BC2DCE9B6000C8DF66 /* CheckViewModel.swift in Sources */ = {isa = PBXBuildFile; fileRef = D1E0C3BB2DCE9B6000C8DF66 /* CheckViewModel.swift */; };
		D1E0C3BE2DCE9B7000C8DF66 /* CheckView.swift in Sources */ = {isa = PBXBuildFile; fileRef = D1E0C3BD2DCE9B7000C8DF66 /* CheckView.swift */; };
		D1E0C3C02DCE9BFA00C8DF66 /* RootView.swift in Sources */ = {isa = PBXBuildFile; fileRef = D1E0C3BF2DCE9BFA00C8DF66 /* RootView.swift */; };
		D1E0C3C82DCFAF9C00C8DF66 /* SignInView.swift in Sources */ = {isa = PBXBuildFile; fileRef = D1E0C3C72DCFAF9C00C8DF66 /* SignInView.swift */; };
		D1E0C3CE2DCFB1F400C8DF66 /* SignInViewModel.swift in Sources */ = {isa = PBXBuildFile; fileRef = D1E0C3CD2DCFB1F400C8DF66 /* SignInViewModel.swift */; };
		D1E0C3D22DD26F5500C8DF66 /* AuthContainerView.swift in Sources */ = {isa = PBXBuildFile; fileRef = D1E0C3D12DD26F5500C8DF66 /* AuthContainerView.swift */; };
		D1E369632DD5157300F63801 /* ResultCheckView.swift in Sources */ = {isa = PBXBuildFile; fileRef = D1E369622DD5157300F63801 /* ResultCheckView.swift */; };
		D1E369652DD8E55800F63801 /* MockPlagiarismService.swift in Sources */ = {isa = PBXBuildFile; fileRef = D1E369642DD8E55800F63801 /* MockPlagiarismService.swift */; };
		D1E3696B2DD90A5100F63801 /* AnimationView.swift in Sources */ = {isa = PBXBuildFile; fileRef = D1E3696A2DD90A5100F63801 /* AnimationView.swift */; };
		D1E3696E2DD90BBB00F63801 /* DotLottie in Frameworks */ = {isa = PBXBuildFile; productRef = D1E3696D2DD90BBB00F63801 /* DotLottie */; };
		D1E369702DD90F1D00F63801 /* AnimationLogo.json in Resources */ = {isa = PBXBuildFile; fileRef = D1E3696F2DD90F1D00F63801 /* AnimationLogo.json */; };
/* End PBXBuildFile section */

/* Begin PBXContainerItemProxy section */
		D1426AE12D6B5E8200DF8A97 /* PBXContainerItemProxy */ = {
			isa = PBXContainerItemProxy;
			containerPortal = D1426AC82D6B5E8100DF8A97 /* Project object */;
			proxyType = 1;
			remoteGlobalIDString = D1426ACF2D6B5E8100DF8A97;
			remoteInfo = UrfuCheck;
		};
		D1426AEB2D6B5E8200DF8A97 /* PBXContainerItemProxy */ = {
			isa = PBXContainerItemProxy;
			containerPortal = D1426AC82D6B5E8100DF8A97 /* Project object */;
			proxyType = 1;
			remoteGlobalIDString = D1426ACF2D6B5E8100DF8A97;
			remoteInfo = UrfuCheck;
		};
/* End PBXContainerItemProxy section */

/* Begin PBXFileReference section */
		D1162AD12DD3A76D005C398A /* CustomTextField.swift */ = {isa = PBXFileReference; lastKnownFileType = sourcecode.swift; path = CustomTextField.swift; sourceTree = "<group>"; };
		D11993A02DE0C1B900544367 /* PlagiarismTextView.swift */ = {isa = PBXFileReference; lastKnownFileType = sourcecode.swift; path = PlagiarismTextView.swift; sourceTree = "<group>"; };
		D11993A22DE0C1D000544367 /* UrlListView.swift */ = {isa = PBXFileReference; lastKnownFileType = sourcecode.swift; path = UrlListView.swift; sourceTree = "<group>"; };
		D1426AD02D6B5E8100DF8A97 /* UrfuCheck.app */ = {isa = PBXFileReference; explicitFileType = wrapper.application; includeInIndex = 0; path = UrfuCheck.app; sourceTree = BUILT_PRODUCTS_DIR; };
		D1426AE02D6B5E8200DF8A97 /* UrfuCheckTests.xctest */ = {isa = PBXFileReference; explicitFileType = wrapper.cfbundle; includeInIndex = 0; path = UrfuCheckTests.xctest; sourceTree = BUILT_PRODUCTS_DIR; };
		D1426AEA2D6B5E8200DF8A97 /* UrfuCheckUITests.xctest */ = {isa = PBXFileReference; explicitFileType = wrapper.cfbundle; includeInIndex = 0; path = UrfuCheckUITests.xctest; sourceTree = BUILT_PRODUCTS_DIR; };
		D14EFD452D909CF00036782F /* Assets.xcassets */ = {isa = PBXFileReference; lastKnownFileType = folder.assetcatalog; path = Assets.xcassets; sourceTree = "<group>"; };
		D14EFD462D909CF00036782F /* Extension.swift */ = {isa = PBXFileReference; lastKnownFileType = sourcecode.swift; path = Extension.swift; sourceTree = "<group>"; };
		D14EFD4A2D909CF00036782F /* Preview Assets.xcassets */ = {isa = PBXFileReference; lastKnownFileType = folder.assetcatalog; path = "Preview Assets.xcassets"; sourceTree = "<group>"; };
		D14EFD4C2D909CF00036782F /* SignUpView.swift */ = {isa = PBXFileReference; lastKnownFileType = sourcecode.swift; path = SignUpView.swift; sourceTree = "<group>"; };
		D14EFD532D909CF00036782F /* ContentView.swift */ = {isa = PBXFileReference; lastKnownFileType = sourcecode.swift; path = ContentView.swift; sourceTree = "<group>"; };
		D14EFD552D909CF00036782F /* UrfuCheckApp.swift */ = {isa = PBXFileReference; lastKnownFileType = sourcecode.swift; path = UrfuCheckApp.swift; sourceTree = "<group>"; };
		D14EFD5E2D909CF80036782F /* UrfuCheckTests.swift */ = {isa = PBXFileReference; lastKnownFileType = sourcecode.swift; path = UrfuCheckTests.swift; sourceTree = "<group>"; };
		D14EFD612D909CFB0036782F /* UrfuCheckUITests.swift */ = {isa = PBXFileReference; lastKnownFileType = sourcecode.swift; path = UrfuCheckUITests.swift; sourceTree = "<group>"; };
		D14EFD622D909CFB0036782F /* UrfuCheckUITestsLaunchTests.swift */ = {isa = PBXFileReference; lastKnownFileType = sourcecode.swift; path = UrfuCheckUITestsLaunchTests.swift; sourceTree = "<group>"; };
		D154A7A92D91D46F0036C922 /* PrimaryButton.swift */ = {isa = PBXFileReference; lastKnownFileType = sourcecode.swift; path = PrimaryButton.swift; sourceTree = "<group>"; };
		D18521002DFB098B00D64B2F /* HistoryView.swift */ = {isa = PBXFileReference; lastKnownFileType = sourcecode.swift; path = HistoryView.swift; sourceTree = "<group>"; };
		D18521052DFB1D1C00D64B2F /* HistoryViewModel.swift */ = {isa = PBXFileReference; lastKnownFileType = sourcecode.swift; path = HistoryViewModel.swift; sourceTree = "<group>"; };
		D18521072DFB273400D64B2F /* HistoryRow.swift */ = {isa = PBXFileReference; lastKnownFileType = sourcecode.swift; path = HistoryRow.swift; sourceTree = "<group>"; };
		D1E0C3AE2DCE39BE00C8DF66 /* GoogleService-Info.plist */ = {isa = PBXFileReference; lastKnownFileType = text.plist.xml; path = "GoogleService-Info.plist"; sourceTree = "<group>"; };
		D1E0C3B72DCE4BED00C8DF66 /* SignUpViewModel.swift */ = {isa = PBXFileReference; lastKnownFileType = sourcecode.swift; path = SignUpViewModel.swift; sourceTree = "<group>"; };
		D1E0C3B92DCE9B3C00C8DF66 /* Backend.swift */ = {isa = PBXFileReference; lastKnownFileType = sourcecode.swift; path = Backend.swift; sourceTree = "<group>"; };
		D1E0C3BB2DCE9B6000C8DF66 /* CheckViewModel.swift */ = {isa = PBXFileReference; lastKnownFileType = sourcecode.swift; path = CheckViewModel.swift; sourceTree = "<group>"; };
		D1E0C3BD2DCE9B7000C8DF66 /* CheckView.swift */ = {isa = PBXFileReference; lastKnownFileType = sourcecode.swift; path = CheckView.swift; sourceTree = "<group>"; };
		D1E0C3BF2DCE9BFA00C8DF66 /* RootView.swift */ = {isa = PBXFileReference; lastKnownFileType = sourcecode.swift; path = RootView.swift; sourceTree = "<group>"; };
		D1E0C3C72DCFAF9C00C8DF66 /* SignInView.swift */ = {isa = PBXFileReference; lastKnownFileType = sourcecode.swift; path = SignInView.swift; sourceTree = "<group>"; };
		D1E0C3CD2DCFB1F400C8DF66 /* SignInViewModel.swift */ = {isa = PBXFileReference; lastKnownFileType = sourcecode.swift; path = SignInViewModel.swift; sourceTree = "<group>"; };
		D1E0C3D12DD26F5500C8DF66 /* AuthContainerView.swift */ = {isa = PBXFileReference; lastKnownFileType = sourcecode.swift; path = AuthContainerView.swift; sourceTree = "<group>"; };
		D1E369622DD5157300F63801 /* ResultCheckView.swift */ = {isa = PBXFileReference; lastKnownFileType = sourcecode.swift; path = ResultCheckView.swift; sourceTree = "<group>"; };
		D1E369642DD8E55800F63801 /* MockPlagiarismService.swift */ = {isa = PBXFileReference; lastKnownFileType = sourcecode.swift; path = MockPlagiarismService.swift; sourceTree = "<group>"; };
		D1E3696A2DD90A5100F63801 /* AnimationView.swift */ = {isa = PBXFileReference; lastKnownFileType = sourcecode.swift; path = AnimationView.swift; sourceTree = "<group>"; };
		D1E3696F2DD90F1D00F63801 /* AnimationLogo.json */ = {isa = PBXFileReference; lastKnownFileType = text.json; path = AnimationLogo.json; sourceTree = "<group>"; };
		D1E369722DD9170B00F63801 /* Info.plist */ = {isa = PBXFileReference; lastKnownFileType = text.plist.xml; path = Info.plist; sourceTree = "<group>"; };
/* End PBXFileReference section */

/* Begin PBXFrameworksBuildPhase section */
		D1426ACD2D6B5E8100DF8A97 /* Frameworks */ = {
			isa = PBXFrameworksBuildPhase;
			buildActionMask = 2147483647;
			files = (
				D1E0C3B62DCE3A9700C8DF66 /* FirebaseFunctions in Frameworks */,
				D1E3696E2DD90BBB00F63801 /* DotLottie in Frameworks */,
				D1E0C3B22DCE3A9700C8DF66 /* FirebaseAuth in Frameworks */,
				D1E0C3B42DCE3A9700C8DF66 /* FirebaseFirestore in Frameworks */,
			);
			runOnlyForDeploymentPostprocessing = 0;
		};
		D1426ADD2D6B5E8200DF8A97 /* Frameworks */ = {
			isa = PBXFrameworksBuildPhase;
			buildActionMask = 2147483647;
			files = (
			);
			runOnlyForDeploymentPostprocessing = 0;
		};
		D1426AE72D6B5E8200DF8A97 /* Frameworks */ = {
			isa = PBXFrameworksBuildPhase;
			buildActionMask = 2147483647;
			files = (
			);
			runOnlyForDeploymentPostprocessing = 0;
		};
/* End PBXFrameworksBuildPhase section */

/* Begin PBXGroup section */
		D1426AC72D6B5E8100DF8A97 = {
			isa = PBXGroup;
			children = (
				D14EFD562D909CF00036782F /* UrfuCheck */,
				D14EFD5F2D909CF80036782F /* UrfuCheckTests */,
				D14EFD632D909CFB0036782F /* UrfuCheckUITests */,
				D1426AD12D6B5E8100DF8A97 /* Products */,
				D1E0C3AE2DCE39BE00C8DF66 /* GoogleService-Info.plist */,
				D18521042DFB0B6400D64B2F /* Frameworks */,
			);
			sourceTree = "<group>";
		};
		D1426AD12D6B5E8100DF8A97 /* Products */ = {
			isa = PBXGroup;
			children = (
				D1426AD02D6B5E8100DF8A97 /* UrfuCheck.app */,
				D1426AE02D6B5E8200DF8A97 /* UrfuCheckTests.xctest */,
				D1426AEA2D6B5E8200DF8A97 /* UrfuCheckUITests.xctest */,
			);
			name = Products;
			sourceTree = "<group>";
		};
		D14EFD472D909CF00036782F /* Assets */ = {
			isa = PBXGroup;
			children = (
				D1E3696F2DD90F1D00F63801 /* AnimationLogo.json */,
				D14EFD452D909CF00036782F /* Assets.xcassets */,
				D14EFD462D909CF00036782F /* Extension.swift */,
			);
			path = Assets;
			sourceTree = "<group>";
		};
		D14EFD482D909CF00036782F /* Manager */ = {
			isa = PBXGroup;
			children = (
				D1E0C3B92DCE9B3C00C8DF66 /* Backend.swift */,
				D1E369642DD8E55800F63801 /* MockPlagiarismService.swift */,
			);
			path = Manager;
			sourceTree = "<group>";
		};
		D14EFD492D909CF00036782F /* Model */ = {
			isa = PBXGroup;
			children = (
				D1E0C3CD2DCFB1F400C8DF66 /* SignInViewModel.swift */,
				D1E0C3B72DCE4BED00C8DF66 /* SignUpViewModel.swift */,
				D1E0C3BB2DCE9B6000C8DF66 /* CheckViewModel.swift */,
				D18521052DFB1D1C00D64B2F /* HistoryViewModel.swift */,
			);
			path = Model;
			sourceTree = "<group>";
		};
		D14EFD4B2D909CF00036782F /* Preview Content */ = {
			isa = PBXGroup;
			children = (
				D14EFD4A2D909CF00036782F /* Preview Assets.xcassets */,
			);
			path = "Preview Content";
			sourceTree = "<group>";
		};
		D14EFD4D2D909CF00036782F /* Authentication */ = {
			isa = PBXGroup;
			children = (
				D14EFD4C2D909CF00036782F /* SignUpView.swift */,
				D1E0C3C72DCFAF9C00C8DF66 /* SignInView.swift */,
				D1E0C3BF2DCE9BFA00C8DF66 /* RootView.swift */,
				D1E0C3D12DD26F5500C8DF66 /* AuthContainerView.swift */,
			);
			path = Authentication;
			sourceTree = "<group>";
		};
		D14EFD4E2D909CF00036782F /* History */ = {
			isa = PBXGroup;
			children = (
				D18521002DFB098B00D64B2F /* HistoryView.swift */,
				D18521072DFB273400D64B2F /* HistoryRow.swift */,
			);
			path = History;
			sourceTree = "<group>";
		};
		D14EFD4F2D909CF00036782F /* Main */ = {
			isa = PBXGroup;
			children = (
				D1E0C3BD2DCE9B7000C8DF66 /* CheckView.swift */,
				D1E369622DD5157300F63801 /* ResultCheckView.swift */,
				D11993A02DE0C1B900544367 /* PlagiarismTextView.swift */,
				D11993A22DE0C1D000544367 /* UrlListView.swift */,
			);
			path = Main;
			sourceTree = "<group>";
		};
		D14EFD502D909CF00036782F /* Profile */ = {
			isa = PBXGroup;
			children = (
			);
			path = Profile;
			sourceTree = "<group>";
		};
		D14EFD512D909CF00036782F /* Setting */ = {
			isa = PBXGroup;
			children = (
			);
			path = Setting;
			sourceTree = "<group>";
		};
		D14EFD522D909CF00036782F /* View */ = {
			isa = PBXGroup;
			children = (
				D14EFD4D2D909CF00036782F /* Authentication */,
				D14EFD4E2D909CF00036782F /* History */,
				D14EFD4F2D909CF00036782F /* Main */,
				D14EFD502D909CF00036782F /* Profile */,
				D14EFD512D909CF00036782F /* Setting */,
			);
			path = View;
			sourceTree = "<group>";
		};
		D14EFD562D909CF00036782F /* UrfuCheck */ = {
			isa = PBXGroup;
			children = (
				D1E369722DD9170B00F63801 /* Info.plist */,
				D14EFD552D909CF00036782F /* UrfuCheckApp.swift */,
				D14EFD532D909CF00036782F /* ContentView.swift */,
				D154A7A52D91BEDF0036C922 /* Helpers */,
				D14EFD522D909CF00036782F /* View */,
				D154A7A82D91D4630036C922 /* Buttons */,
				D14EFD492D909CF00036782F /* Model */,
				D14EFD482D909CF00036782F /* Manager */,
				D14EFD472D909CF00036782F /* Assets */,
				D14EFD4B2D909CF00036782F /* Preview Content */,
			);
			path = UrfuCheck;
			sourceTree = "<group>";
		};
		D14EFD5F2D909CF80036782F /* UrfuCheckTests */ = {
			isa = PBXGroup;
			children = (
				D14EFD5E2D909CF80036782F /* UrfuCheckTests.swift */,
			);
			path = UrfuCheckTests;
			sourceTree = "<group>";
		};
		D14EFD632D909CFB0036782F /* UrfuCheckUITests */ = {
			isa = PBXGroup;
			children = (
				D14EFD612D909CFB0036782F /* UrfuCheckUITests.swift */,
				D14EFD622D909CFB0036782F /* UrfuCheckUITestsLaunchTests.swift */,
			);
			path = UrfuCheckUITests;
			sourceTree = "<group>";
		};
		D154A7A52D91BEDF0036C922 /* Helpers */ = {
			isa = PBXGroup;
			children = (
				D1162AD12DD3A76D005C398A /* CustomTextField.swift */,
				D1E3696A2DD90A5100F63801 /* AnimationView.swift */,
			);
			path = Helpers;
			sourceTree = "<group>";
		};
		D154A7A82D91D4630036C922 /* Buttons */ = {
			isa = PBXGroup;
			children = (
				D154A7A92D91D46F0036C922 /* PrimaryButton.swift */,
			);
			path = Buttons;
			sourceTree = "<group>";
		};
		D18521042DFB0B6400D64B2F /* Frameworks */ = {
			isa = PBXGroup;
			children = (
			);
			name = Frameworks;
			sourceTree = "<group>";
		};
/* End PBXGroup section */

/* Begin PBXNativeTarget section */
		D1426ACF2D6B5E8100DF8A97 /* UrfuCheck */ = {
			isa = PBXNativeTarget;
			buildConfigurationList = D1426AF42D6B5E8200DF8A97 /* Build configuration list for PBXNativeTarget "UrfuCheck" */;
			buildPhases = (
				D1426ACC2D6B5E8100DF8A97 /* Sources */,
				D1426ACD2D6B5E8100DF8A97 /* Frameworks */,
				D1426ACE2D6B5E8100DF8A97 /* Resources */,
			);
			buildRules = (
			);
			dependencies = (
			);
			name = UrfuCheck;
			packageProductDependencies = (
				D1E0C3B12DCE3A9700C8DF66 /* FirebaseAuth */,
				D1E0C3B32DCE3A9700C8DF66 /* FirebaseFirestore */,
				D1E0C3B52DCE3A9700C8DF66 /* FirebaseFunctions */,
				D1E3696D2DD90BBB00F63801 /* DotLottie */,
			);
			productName = UrfuCheck;
			productReference = D1426AD02D6B5E8100DF8A97 /* UrfuCheck.app */;
			productType = "com.apple.product-type.application";
		};
		D1426ADF2D6B5E8200DF8A97 /* UrfuCheckTests */ = {
			isa = PBXNativeTarget;
			buildConfigurationList = D1426AF72D6B5E8200DF8A97 /* Build configuration list for PBXNativeTarget "UrfuCheckTests" */;
			buildPhases = (
				D1426ADC2D6B5E8200DF8A97 /* Sources */,
				D1426ADD2D6B5E8200DF8A97 /* Frameworks */,
				D1426ADE2D6B5E8200DF8A97 /* Resources */,
			);
			buildRules = (
			);
			dependencies = (
				D1426AE22D6B5E8200DF8A97 /* PBXTargetDependency */,
			);
			name = UrfuCheckTests;
			packageProductDependencies = (
			);
			productName = UrfuCheckTests;
			productReference = D1426AE02D6B5E8200DF8A97 /* UrfuCheckTests.xctest */;
			productType = "com.apple.product-type.bundle.unit-test";
		};
		D1426AE92D6B5E8200DF8A97 /* UrfuCheckUITests */ = {
			isa = PBXNativeTarget;
			buildConfigurationList = D1426AFA2D6B5E8200DF8A97 /* Build configuration list for PBXNativeTarget "UrfuCheckUITests" */;
			buildPhases = (
				D1426AE62D6B5E8200DF8A97 /* Sources */,
				D1426AE72D6B5E8200DF8A97 /* Frameworks */,
				D1426AE82D6B5E8200DF8A97 /* Resources */,
			);
			buildRules = (
			);
			dependencies = (
				D1426AEC2D6B5E8200DF8A97 /* PBXTargetDependency */,
			);
			name = UrfuCheckUITests;
			packageProductDependencies = (
			);
			productName = UrfuCheckUITests;
			productReference = D1426AEA2D6B5E8200DF8A97 /* UrfuCheckUITests.xctest */;
			productType = "com.apple.product-type.bundle.ui-testing";
		};
/* End PBXNativeTarget section */

/* Begin PBXProject section */
		D1426AC82D6B5E8100DF8A97 /* Project object */ = {
			isa = PBXProject;
			attributes = {
				BuildIndependentTargetsInParallel = 1;
				LastSwiftUpdateCheck = 1620;
				LastUpgradeCheck = 1630;
				TargetAttributes = {
					D1426ACF2D6B5E8100DF8A97 = {
						CreatedOnToolsVersion = 16.2;
					};
					D1426ADF2D6B5E8200DF8A97 = {
						CreatedOnToolsVersion = 16.2;
						TestTargetID = D1426ACF2D6B5E8100DF8A97;
					};
					D1426AE92D6B5E8200DF8A97 = {
						CreatedOnToolsVersion = 16.2;
						TestTargetID = D1426ACF2D6B5E8100DF8A97;
					};
				};
			};
			buildConfigurationList = D1426ACB2D6B5E8100DF8A97 /* Build configuration list for PBXProject "UrfuCheck" */;
			developmentRegion = en;
			hasScannedForEncodings = 0;
			knownRegions = (
				en,
				Base,
			);
			mainGroup = D1426AC72D6B5E8100DF8A97;
			minimizedProjectReferenceProxies = 1;
			packageReferences = (
				D1E0C3B02DCE3A9700C8DF66 /* XCRemoteSwiftPackageReference "firebase-ios-sdk" */,
				D1E3696C2DD90B1300F63801 /* XCRemoteSwiftPackageReference "dotlottie-ios" */,
			);
			preferredProjectObjectVersion = 77;
			productRefGroup = D1426AD12D6B5E8100DF8A97 /* Products */;
			projectDirPath = "";
			projectRoot = "";
			targets = (
				D1426ACF2D6B5E8100DF8A97 /* UrfuCheck */,
				D1426ADF2D6B5E8200DF8A97 /* UrfuCheckTests */,
				D1426AE92D6B5E8200DF8A97 /* UrfuCheckUITests */,
			);
		};
/* End PBXProject section */

/* Begin PBXResourcesBuildPhase section */
		D1426ACE2D6B5E8100DF8A97 /* Resources */ = {
			isa = PBXResourcesBuildPhase;
			buildActionMask = 2147483647;
			files = (
				D14EFD572D909CF00036782F /* Assets.xcassets in Resources */,
				D14EFD582D909CF00036782F /* Preview Assets.xcassets in Resources */,
				D1E0C3AF2DCE39BE00C8DF66 /* GoogleService-Info.plist in Resources */,
				D1E369702DD90F1D00F63801 /* AnimationLogo.json in Resources */,
			);
			runOnlyForDeploymentPostprocessing = 0;
		};
		D1426ADE2D6B5E8200DF8A97 /* Resources */ = {
			isa = PBXResourcesBuildPhase;
			buildActionMask = 2147483647;
			files = (
			);
			runOnlyForDeploymentPostprocessing = 0;
		};
		D1426AE82D6B5E8200DF8A97 /* Resources */ = {
			isa = PBXResourcesBuildPhase;
			buildActionMask = 2147483647;
			files = (
			);
			runOnlyForDeploymentPostprocessing = 0;
		};
/* End PBXResourcesBuildPhase section */

/* Begin PBXSourcesBuildPhase section */
		D1426ACC2D6B5E8100DF8A97 /* Sources */ = {
			isa = PBXSourcesBuildPhase;
			buildActionMask = 2147483647;
			files = (
				D14EFD592D909CF00036782F /* Extension.swift in Sources */,
				D1E0C3B82DCE4BED00C8DF66 /* SignUpViewModel.swift in Sources */,
				D1E369632DD5157300F63801 /* ResultCheckView.swift in Sources */,
				D1E0C3C02DCE9BFA00C8DF66 /* RootView.swift in Sources */,
				D18521082DFB273400D64B2F /* HistoryRow.swift in Sources */,
				D1E0C3BA2DCE9B3C00C8DF66 /* Backend.swift in Sources */,
				D1E0C3D22DD26F5500C8DF66 /* AuthContainerView.swift in Sources */,
				D14EFD5A2D909CF00036782F /* SignUpView.swift in Sources */,
				D18521012DFB098B00D64B2F /* HistoryView.swift in Sources */,
				D1E3696B2DD90A5100F63801 /* AnimationView.swift in Sources */,
				D14EFD5B2D909CF00036782F /* ContentView.swift in Sources */,
				D154A7AA2D91D46F0036C922 /* PrimaryButton.swift in Sources */,
				D1E0C3CE2DCFB1F400C8DF66 /* SignInViewModel.swift in Sources */,
				D1E369652DD8E55800F63801 /* MockPlagiarismService.swift in Sources */,
				D18521062DFB1D1C00D64B2F /* HistoryViewModel.swift in Sources */,
				D11993A32DE0C1D000544367 /* UrlListView.swift in Sources */,
				D1E0C3BC2DCE9B6000C8DF66 /* CheckViewModel.swift in Sources */,
				D1E0C3BE2DCE9B7000C8DF66 /* CheckView.swift in Sources */,
				D14EFD5D2D909CF00036782F /* UrfuCheckApp.swift in Sources */,
				D1E0C3C82DCFAF9C00C8DF66 /* SignInView.swift in Sources */,
				D11993A12DE0C1B900544367 /* PlagiarismTextView.swift in Sources */,
				D1162AD22DD3A76D005C398A /* CustomTextField.swift in Sources */,
			);
			runOnlyForDeploymentPostprocessing = 0;
		};
		D1426ADC2D6B5E8200DF8A97 /* Sources */ = {
			isa = PBXSourcesBuildPhase;
			buildActionMask = 2147483647;
			files = (
				D14EFD602D909CF80036782F /* UrfuCheckTests.swift in Sources */,
			);
			runOnlyForDeploymentPostprocessing = 0;
		};
		D1426AE62D6B5E8200DF8A97 /* Sources */ = {
			isa = PBXSourcesBuildPhase;
			buildActionMask = 2147483647;
			files = (
				D14EFD642D909CFB0036782F /* UrfuCheckUITests.swift in Sources */,
				D14EFD652D909CFB0036782F /* UrfuCheckUITestsLaunchTests.swift in Sources */,
			);
			runOnlyForDeploymentPostprocessing = 0;
		};
/* End PBXSourcesBuildPhase section */

/* Begin PBXTargetDependency section */
		D1426AE22D6B5E8200DF8A97 /* PBXTargetDependency */ = {
			isa = PBXTargetDependency;
			target = D1426ACF2D6B5E8100DF8A97 /* UrfuCheck */;
			targetProxy = D1426AE12D6B5E8200DF8A97 /* PBXContainerItemProxy */;
		};
		D1426AEC2D6B5E8200DF8A97 /* PBXTargetDependency */ = {
			isa = PBXTargetDependency;
			target = D1426ACF2D6B5E8100DF8A97 /* UrfuCheck */;
			targetProxy = D1426AEB2D6B5E8200DF8A97 /* PBXContainerItemProxy */;
		};
/* End PBXTargetDependency section */

/* Begin XCBuildConfiguration section */
		D1426AF22D6B5E8200DF8A97 /* Debug */ = {
			isa = XCBuildConfiguration;
			buildSettings = {
				ALWAYS_SEARCH_USER_PATHS = NO;
				ASSETCATALOG_COMPILER_GENERATE_SWIFT_ASSET_SYMBOL_EXTENSIONS = YES;
				CLANG_ANALYZER_NONNULL = YES;
				CLANG_ANALYZER_NUMBER_OBJECT_CONVERSION = YES_AGGRESSIVE;
				CLANG_CXX_LANGUAGE_STANDARD = "gnu++20";
				CLANG_ENABLE_MODULES = YES;
				CLANG_ENABLE_OBJC_ARC = YES;
				CLANG_ENABLE_OBJC_WEAK = YES;
				CLANG_WARN_BLOCK_CAPTURE_AUTORELEASING = YES;
				CLANG_WARN_BOOL_CONVERSION = YES;
				CLANG_WARN_COMMA = YES;
				CLANG_WARN_CONSTANT_CONVERSION = YES;
				CLANG_WARN_DEPRECATED_OBJC_IMPLEMENTATIONS = YES;
				CLANG_WARN_DIRECT_OBJC_ISA_USAGE = YES_ERROR;
				CLANG_WARN_DOCUMENTATION_COMMENTS = YES;
				CLANG_WARN_EMPTY_BODY = YES;
				CLANG_WARN_ENUM_CONVERSION = YES;
				CLANG_WARN_INFINITE_RECURSION = YES;
				CLANG_WARN_INT_CONVERSION = YES;
				CLANG_WARN_NON_LITERAL_NULL_CONVERSION = YES;
				CLANG_WARN_OBJC_IMPLICIT_RETAIN_SELF = YES;
				CLANG_WARN_OBJC_LITERAL_CONVERSION = YES;
				CLANG_WARN_OBJC_ROOT_CLASS = YES_ERROR;
				CLANG_WARN_QUOTED_INCLUDE_IN_FRAMEWORK_HEADER = YES;
				CLANG_WARN_RANGE_LOOP_ANALYSIS = YES;
				CLANG_WARN_STRICT_PROTOTYPES = YES;
				CLANG_WARN_SUSPICIOUS_MOVE = YES;
				CLANG_WARN_UNGUARDED_AVAILABILITY = YES_AGGRESSIVE;
				CLANG_WARN_UNREACHABLE_CODE = YES;
				CLANG_WARN__DUPLICATE_METHOD_MATCH = YES;
				COPY_PHASE_STRIP = NO;
				DEBUG_INFORMATION_FORMAT = dwarf;
				DEVELOPMENT_TEAM = Z3Z6Z35P92;
				ENABLE_STRICT_OBJC_MSGSEND = YES;
				ENABLE_TESTABILITY = YES;
				ENABLE_USER_SCRIPT_SANDBOXING = YES;
				GCC_C_LANGUAGE_STANDARD = gnu17;
				GCC_DYNAMIC_NO_PIC = NO;
				GCC_NO_COMMON_BLOCKS = YES;
				GCC_OPTIMIZATION_LEVEL = 0;
				GCC_PREPROCESSOR_DEFINITIONS = (
					"DEBUG=1",
					"$(inherited)",
				);
				GCC_WARN_64_TO_32_BIT_CONVERSION = YES;
				GCC_WARN_ABOUT_RETURN_TYPE = YES_ERROR;
				GCC_WARN_UNDECLARED_SELECTOR = YES;
				GCC_WARN_UNINITIALIZED_AUTOS = YES_AGGRESSIVE;
				GCC_WARN_UNUSED_FUNCTION = YES;
				GCC_WARN_UNUSED_VARIABLE = YES;
				IPHONEOS_DEPLOYMENT_TARGET = 18.2;
				LOCALIZATION_PREFERS_STRING_CATALOGS = YES;
				MTL_ENABLE_DEBUG_INFO = INCLUDE_SOURCE;
				MTL_FAST_MATH = YES;
				ONLY_ACTIVE_ARCH = YES;
				SDKROOT = iphoneos;
				SWIFT_ACTIVE_COMPILATION_CONDITIONS = "DEBUG $(inherited)";
				SWIFT_OPTIMIZATION_LEVEL = "-Onone";
			};
			name = Debug;
		};
		D1426AF32D6B5E8200DF8A97 /* Release */ = {
			isa = XCBuildConfiguration;
			buildSettings = {
				ALWAYS_SEARCH_USER_PATHS = NO;
				ASSETCATALOG_COMPILER_GENERATE_SWIFT_ASSET_SYMBOL_EXTENSIONS = YES;
				CLANG_ANALYZER_NONNULL = YES;
				CLANG_ANALYZER_NUMBER_OBJECT_CONVERSION = YES_AGGRESSIVE;
				CLANG_CXX_LANGUAGE_STANDARD = "gnu++20";
				CLANG_ENABLE_MODULES = YES;
				CLANG_ENABLE_OBJC_ARC = YES;
				CLANG_ENABLE_OBJC_WEAK = YES;
				CLANG_WARN_BLOCK_CAPTURE_AUTORELEASING = YES;
				CLANG_WARN_BOOL_CONVERSION = YES;
				CLANG_WARN_COMMA = YES;
				CLANG_WARN_CONSTANT_CONVERSION = YES;
				CLANG_WARN_DEPRECATED_OBJC_IMPLEMENTATIONS = YES;
				CLANG_WARN_DIRECT_OBJC_ISA_USAGE = YES_ERROR;
				CLANG_WARN_DOCUMENTATION_COMMENTS = YES;
				CLANG_WARN_EMPTY_BODY = YES;
				CLANG_WARN_ENUM_CONVERSION = YES;
				CLANG_WARN_INFINITE_RECURSION = YES;
				CLANG_WARN_INT_CONVERSION = YES;
				CLANG_WARN_NON_LITERAL_NULL_CONVERSION = YES;
				CLANG_WARN_OBJC_IMPLICIT_RETAIN_SELF = YES;
				CLANG_WARN_OBJC_LITERAL_CONVERSION = YES;
				CLANG_WARN_OBJC_ROOT_CLASS = YES_ERROR;
				CLANG_WARN_QUOTED_INCLUDE_IN_FRAMEWORK_HEADER = YES;
				CLANG_WARN_RANGE_LOOP_ANALYSIS = YES;
				CLANG_WARN_STRICT_PROTOTYPES = YES;
				CLANG_WARN_SUSPICIOUS_MOVE = YES;
				CLANG_WARN_UNGUARDED_AVAILABILITY = YES_AGGRESSIVE;
				CLANG_WARN_UNREACHABLE_CODE = YES;
				CLANG_WARN__DUPLICATE_METHOD_MATCH = YES;
				COPY_PHASE_STRIP = NO;
				DEBUG_INFORMATION_FORMAT = "dwarf-with-dsym";
				DEVELOPMENT_TEAM = Z3Z6Z35P92;
				ENABLE_NS_ASSERTIONS = NO;
				ENABLE_STRICT_OBJC_MSGSEND = YES;
				ENABLE_USER_SCRIPT_SANDBOXING = YES;
				GCC_C_LANGUAGE_STANDARD = gnu17;
				GCC_NO_COMMON_BLOCKS = YES;
				GCC_WARN_64_TO_32_BIT_CONVERSION = YES;
				GCC_WARN_ABOUT_RETURN_TYPE = YES_ERROR;
				GCC_WARN_UNDECLARED_SELECTOR = YES;
				GCC_WARN_UNINITIALIZED_AUTOS = YES_AGGRESSIVE;
				GCC_WARN_UNUSED_FUNCTION = YES;
				GCC_WARN_UNUSED_VARIABLE = YES;
				IPHONEOS_DEPLOYMENT_TARGET = 18.2;
				LOCALIZATION_PREFERS_STRING_CATALOGS = YES;
				MTL_ENABLE_DEBUG_INFO = NO;
				MTL_FAST_MATH = YES;
				SDKROOT = iphoneos;
				SWIFT_COMPILATION_MODE = wholemodule;
				VALIDATE_PRODUCT = YES;
			};
			name = Release;
		};
		D1426AF52D6B5E8200DF8A97 /* Debug */ = {
			isa = XCBuildConfiguration;
			buildSettings = {
				ASSETCATALOG_COMPILER_APPICON_NAME = AppIcon;
				ASSETCATALOG_COMPILER_GLOBAL_ACCENT_COLOR_NAME = AccentColor;
				CODE_SIGN_STYLE = Automatic;
				CURRENT_PROJECT_VERSION = 1;
				DEVELOPMENT_ASSET_PATHS = "\"UrfuCheck/Preview Content\"";
				ENABLE_PREVIEWS = YES;
				GENERATE_INFOPLIST_FILE = YES;
				INFOPLIST_FILE = UrfuCheck/Info.plist;
				INFOPLIST_KEY_LSApplicationCategoryType = "public.app-category.utilities";
				INFOPLIST_KEY_UIApplicationSceneManifest_Generation = YES;
				INFOPLIST_KEY_UIApplicationSupportsIndirectInputEvents = YES;
				INFOPLIST_KEY_UILaunchScreen_Generation = YES;
				INFOPLIST_KEY_UISupportedInterfaceOrientations = UIInterfaceOrientationPortrait;
				INFOPLIST_KEY_UISupportedInterfaceOrientations_iPad = "UIInterfaceOrientationLandscapeLeft UIInterfaceOrientationLandscapeRight UIInterfaceOrientationPortrait UIInterfaceOrientationPortraitUpsideDown";
				IPHONEOS_DEPLOYMENT_TARGET = 16.0;
				LD_RUNPATH_SEARCH_PATHS = (
					"$(inherited)",
					"@executable_path/Frameworks",
				);
				MARKETING_VERSION = 1.0;
				PRODUCT_BUNDLE_IDENTIFIER = iflyzed.UrfuCheck;
				PRODUCT_NAME = "$(TARGET_NAME)";
				SUPPORTED_PLATFORMS = "iphoneos iphonesimulator";
				SUPPORTS_MACCATALYST = NO;
				SUPPORTS_MAC_DESIGNED_FOR_IPHONE_IPAD = NO;
				SUPPORTS_XR_DESIGNED_FOR_IPHONE_IPAD = NO;
				SWIFT_EMIT_LOC_STRINGS = YES;
				SWIFT_VERSION = 5.0;
				TARGETED_DEVICE_FAMILY = 1;
			};
			name = Debug;
		};
		D1426AF62D6B5E8200DF8A97 /* Release */ = {
			isa = XCBuildConfiguration;
			buildSettings = {
				ASSETCATALOG_COMPILER_APPICON_NAME = AppIcon;
				ASSETCATALOG_COMPILER_GLOBAL_ACCENT_COLOR_NAME = AccentColor;
				CODE_SIGN_STYLE = Automatic;
				CURRENT_PROJECT_VERSION = 1;
				DEVELOPMENT_ASSET_PATHS = "\"UrfuCheck/Preview Content\"";
				ENABLE_PREVIEWS = YES;
				GENERATE_INFOPLIST_FILE = YES;
				INFOPLIST_FILE = UrfuCheck/Info.plist;
				INFOPLIST_KEY_LSApplicationCategoryType = "public.app-category.utilities";
				INFOPLIST_KEY_UIApplicationSceneManifest_Generation = YES;
				INFOPLIST_KEY_UIApplicationSupportsIndirectInputEvents = YES;
				INFOPLIST_KEY_UILaunchScreen_Generation = YES;
				INFOPLIST_KEY_UISupportedInterfaceOrientations = UIInterfaceOrientationPortrait;
				INFOPLIST_KEY_UISupportedInterfaceOrientations_iPad = "UIInterfaceOrientationLandscapeLeft UIInterfaceOrientationLandscapeRight UIInterfaceOrientationPortrait UIInterfaceOrientationPortraitUpsideDown";
				IPHONEOS_DEPLOYMENT_TARGET = 16.0;
				LD_RUNPATH_SEARCH_PATHS = (
					"$(inherited)",
					"@executable_path/Frameworks",
				);
				MARKETING_VERSION = 1.0;
				PRODUCT_BUNDLE_IDENTIFIER = iflyzed.UrfuCheck;
				PRODUCT_NAME = "$(TARGET_NAME)";
				SUPPORTED_PLATFORMS = "iphoneos iphonesimulator";
				SUPPORTS_MACCATALYST = NO;
				SUPPORTS_MAC_DESIGNED_FOR_IPHONE_IPAD = NO;
				SUPPORTS_XR_DESIGNED_FOR_IPHONE_IPAD = NO;
				SWIFT_EMIT_LOC_STRINGS = YES;
				SWIFT_VERSION = 5.0;
				TARGETED_DEVICE_FAMILY = 1;
			};
			name = Release;
		};
		D1426AF82D6B5E8200DF8A97 /* Debug */ = {
			isa = XCBuildConfiguration;
			buildSettings = {
				BUNDLE_LOADER = "$(TEST_HOST)";
				CODE_SIGN_STYLE = Automatic;
				CURRENT_PROJECT_VERSION = 1;
				GENERATE_INFOPLIST_FILE = YES;
				IPHONEOS_DEPLOYMENT_TARGET = 15;
				MARKETING_VERSION = 1.0;
				PRODUCT_BUNDLE_IDENTIFIER = iflyzed.UrfuCheckTests;
				PRODUCT_NAME = "$(TARGET_NAME)";
				SUPPORTED_PLATFORMS = "iphoneos iphonesimulator";
				SUPPORTS_MACCATALYST = NO;
				SUPPORTS_MAC_DESIGNED_FOR_IPHONE_IPAD = NO;
				SUPPORTS_XR_DESIGNED_FOR_IPHONE_IPAD = NO;
				SWIFT_EMIT_LOC_STRINGS = NO;
				SWIFT_VERSION = 5.0;
				TARGETED_DEVICE_FAMILY = 1;
				TEST_HOST = "$(BUILT_PRODUCTS_DIR)/UrfuCheck.app/$(BUNDLE_EXECUTABLE_FOLDER_PATH)/UrfuCheck";
			};
			name = Debug;
		};
		D1426AF92D6B5E8200DF8A97 /* Release */ = {
			isa = XCBuildConfiguration;
			buildSettings = {
				BUNDLE_LOADER = "$(TEST_HOST)";
				CODE_SIGN_STYLE = Automatic;
				CURRENT_PROJECT_VERSION = 1;
				GENERATE_INFOPLIST_FILE = YES;
				IPHONEOS_DEPLOYMENT_TARGET = 15;
				MARKETING_VERSION = 1.0;
				PRODUCT_BUNDLE_IDENTIFIER = iflyzed.UrfuCheckTests;
				PRODUCT_NAME = "$(TARGET_NAME)";
				SUPPORTED_PLATFORMS = "iphoneos iphonesimulator";
				SUPPORTS_MACCATALYST = NO;
				SUPPORTS_MAC_DESIGNED_FOR_IPHONE_IPAD = NO;
				SUPPORTS_XR_DESIGNED_FOR_IPHONE_IPAD = NO;
				SWIFT_EMIT_LOC_STRINGS = NO;
				SWIFT_VERSION = 5.0;
				TARGETED_DEVICE_FAMILY = 1;
				TEST_HOST = "$(BUILT_PRODUCTS_DIR)/UrfuCheck.app/$(BUNDLE_EXECUTABLE_FOLDER_PATH)/UrfuCheck";
			};
			name = Release;
		};
		D1426AFB2D6B5E8200DF8A97 /* Debug */ = {
			isa = XCBuildConfiguration;
			buildSettings = {
				CODE_SIGN_STYLE = Automatic;
				CURRENT_PROJECT_VERSION = 1;
				GENERATE_INFOPLIST_FILE = YES;
				IPHONEOS_DEPLOYMENT_TARGET = 15;
				MARKETING_VERSION = 1.0;
				PRODUCT_BUNDLE_IDENTIFIER = iflyzed.UrfuCheckUITests;
				PRODUCT_NAME = "$(TARGET_NAME)";
				SUPPORTED_PLATFORMS = "iphoneos iphonesimulator";
				SUPPORTS_MACCATALYST = NO;
				SUPPORTS_MAC_DESIGNED_FOR_IPHONE_IPAD = NO;
				SUPPORTS_XR_DESIGNED_FOR_IPHONE_IPAD = NO;
				SWIFT_EMIT_LOC_STRINGS = NO;
				SWIFT_VERSION = 5.0;
				TARGETED_DEVICE_FAMILY = 1;
				TEST_TARGET_NAME = UrfuCheck;
			};
			name = Debug;
		};
		D1426AFC2D6B5E8200DF8A97 /* Release */ = {
			isa = XCBuildConfiguration;
			buildSettings = {
				CODE_SIGN_STYLE = Automatic;
				CURRENT_PROJECT_VERSION = 1;
				GENERATE_INFOPLIST_FILE = YES;
				IPHONEOS_DEPLOYMENT_TARGET = 15;
				MARKETING_VERSION = 1.0;
				PRODUCT_BUNDLE_IDENTIFIER = iflyzed.UrfuCheckUITests;
				PRODUCT_NAME = "$(TARGET_NAME)";
				SUPPORTED_PLATFORMS = "iphoneos iphonesimulator";
				SUPPORTS_MACCATALYST = NO;
				SUPPORTS_MAC_DESIGNED_FOR_IPHONE_IPAD = NO;
				SUPPORTS_XR_DESIGNED_FOR_IPHONE_IPAD = NO;
				SWIFT_EMIT_LOC_STRINGS = NO;
				SWIFT_VERSION = 5.0;
				TARGETED_DEVICE_FAMILY = 1;
				TEST_TARGET_NAME = UrfuCheck;
			};
			name = Release;
		};
/* End XCBuildConfiguration section */

/* Begin XCConfigurationList section */
		D1426ACB2D6B5E8100DF8A97 /* Build configuration list for PBXProject "UrfuCheck" */ = {
			isa = XCConfigurationList;
			buildConfigurations = (
				D1426AF22D6B5E8200DF8A97 /* Debug */,
				D1426AF32D6B5E8200DF8A97 /* Release */,
			);
			defaultConfigurationIsVisible = 0;
			defaultConfigurationName = Release;
		};
		D1426AF42D6B5E8200DF8A97 /* Build configuration list for PBXNativeTarget "UrfuCheck" */ = {
			isa = XCConfigurationList;
			buildConfigurations = (
				D1426AF52D6B5E8200DF8A97 /* Debug */,
				D1426AF62D6B5E8200DF8A97 /* Release */,
			);
			defaultConfigurationIsVisible = 0;
			defaultConfigurationName = Release;
		};
		D1426AF72D6B5E8200DF8A97 /* Build configuration list for PBXNativeTarget "UrfuCheckTests" */ = {
			isa = XCConfigurationList;
			buildConfigurations = (
				D1426AF82D6B5E8200DF8A97 /* Debug */,
				D1426AF92D6B5E8200DF8A97 /* Release */,
			);
			defaultConfigurationIsVisible = 0;
			defaultConfigurationName = Release;
		};
		D1426AFA2D6B5E8200DF8A97 /* Build configuration list for PBXNativeTarget "UrfuCheckUITests" */ = {
			isa = XCConfigurationList;
			buildConfigurations = (
				D1426AFB2D6B5E8200DF8A97 /* Debug */,
				D1426AFC2D6B5E8200DF8A97 /* Release */,
			);
			defaultConfigurationIsVisible = 0;
			defaultConfigurationName = Release;
		};
/* End XCConfigurationList section */

/* Begin XCRemoteSwiftPackageReference section */
		D1E0C3B02DCE3A9700C8DF66 /* XCRemoteSwiftPackageReference "firebase-ios-sdk" */ = {
			isa = XCRemoteSwiftPackageReference;
			repositoryURL = "https://github.com/firebase/firebase-ios-sdk";
			requirement = {
				kind = upToNextMajorVersion;
				minimumVersion = 11.12.0;
			};
		};
		D1E3696C2DD90B1300F63801 /* XCRemoteSwiftPackageReference "dotlottie-ios" */ = {
			isa = XCRemoteSwiftPackageReference;
			repositoryURL = "https://github.com/LottieFiles/dotlottie-ios";
			requirement = {
				branch = main;
				kind = branch;
			};
		};
/* End XCRemoteSwiftPackageReference section */

/* Begin XCSwiftPackageProductDependency section */
		D1E0C3B12DCE3A9700C8DF66 /* FirebaseAuth */ = {
			isa = XCSwiftPackageProductDependency;
			package = D1E0C3B02DCE3A9700C8DF66 /* XCRemoteSwiftPackageReference "firebase-ios-sdk" */;
			productName = FirebaseAuth;
		};
		D1E0C3B32DCE3A9700C8DF66 /* FirebaseFirestore */ = {
			isa = XCSwiftPackageProductDependency;
			package = D1E0C3B02DCE3A9700C8DF66 /* XCRemoteSwiftPackageReference "firebase-ios-sdk" */;
			productName = FirebaseFirestore;
		};
		D1E0C3B52DCE3A9700C8DF66 /* FirebaseFunctions */ = {
			isa = XCSwiftPackageProductDependency;
			package = D1E0C3B02DCE3A9700C8DF66 /* XCRemoteSwiftPackageReference "firebase-ios-sdk" */;
			productName = FirebaseFunctions;
		};
		D1E3696D2DD90BBB00F63801 /* DotLottie */ = {
			isa = XCSwiftPackageProductDependency;
			package = D1E3696C2DD90B1300F63801 /* XCRemoteSwiftPackageReference "dotlottie-ios" */;
			productName = DotLottie;
		};
/* End XCSwiftPackageProductDependency section */
	};
	rootObject = D1426AC82D6B5E8100DF8A97 /* Project object */;
}
